
Microsoft Visual Studio Solution File, Format Version 12.00
# Visual Studio 2012
Project("{2150E333-8FDC-42A3-9474-1A3956D46DE8}") = "Solution Items", "Solution Items", "{3EB16850-80C0-4626-A862-97873F8F0466}"
	ProjectSection(SolutionItems) = preProject
		FizzBuzz (Draft).cs = FizzBuzz (Draft).cs
	EndProjectSection
EndProject
Global
	GlobalSection(SolutionProperties) = preSolution
		HideSolutionNode = FALSE
	EndGlobalSection
EndGlobal
